
Microsoft Visual Studio Solution File, Format Version 12.00
# Visual Studio Version 17
VisualStudioVersion = 17.6.33723.286
MinimumVisualStudioVersion = 10.0.40219.1
Project("{9A19103F-16F7-4668-BE54-9A1E7A4F7556}") = "tag", "tag\tag.csproj", "{3EEB6898-25D1-4083-B52B-150DC461985D}"
EndProject
Project("{9A19103F-16F7-4668-BE54-9A1E7A4F7556}") = "browser", "browser\browser.csproj", "{2035075E-DBD3-4825-9941-1FA525743459}"
EndProject
Project("{9A19103F-16F7-4668-BE54-9A1E7A4F7556}") = "libraries", "libraries\libraries.csproj", "{48758061-F7F7-4772-96AB-E2A0F4226B96}"
EndProject
Project("{FAE04EC0-301F-11D3-BF4B-00C04F79EFBC}") = "tests", "tests\tests.csproj", "{142C7A26-2FB1-446C-841D-089FC33A0D36}"
	ProjectSection(ProjectDependencies) = postProject
		{48758061-F7F7-4772-96AB-E2A0F4226B96} = {48758061-F7F7-4772-96AB-E2A0F4226B96}
	EndProjectSection
EndProject
Project("{FAE04EC0-301F-11D3-BF4B-00C04F79EFBC}") = "configurations", "configurations\configurations.csproj", "{F2BA18C7-DD8A-450F-9A19-C25ABEA3A076}"
EndProject
Global
	GlobalSection(SolutionConfigurationPlatforms) = preSolution
		Debug|Any CPU = Debug|Any CPU
		Release|Any CPU = Release|Any CPU
	EndGlobalSection
	GlobalSection(ProjectConfigurationPlatforms) = postSolution
		{3EEB6898-25D1-4083-B52B-150DC461985D}.Debug|Any CPU.ActiveCfg = Debug|Any CPU
		{3EEB6898-25D1-4083-B52B-150DC461985D}.Debug|Any CPU.Build.0 = Debug|Any CPU
		{3EEB6898-25D1-4083-B52B-150DC461985D}.Release|Any CPU.ActiveCfg = Release|Any CPU
		{3EEB6898-25D1-4083-B52B-150DC461985D}.Release|Any CPU.Build.0 = Release|Any CPU
		{2035075E-DBD3-4825-9941-1FA525743459}.Debug|Any CPU.ActiveCfg = Debug|Any CPU
		{2035075E-DBD3-4825-9941-1FA525743459}.Debug|Any CPU.Build.0 = Debug|Any CPU
		{2035075E-DBD3-4825-9941-1FA525743459}.Release|Any CPU.ActiveCfg = Release|Any CPU
		{2035075E-DBD3-4825-9941-1FA525743459}.Release|Any CPU.Build.0 = Release|Any CPU
		{48758061-F7F7-4772-96AB-E2A0F4226B96}.Debug|Any CPU.ActiveCfg = Debug|Any CPU
		{48758061-F7F7-4772-96AB-E2A0F4226B96}.Debug|Any CPU.Build.0 = Debug|Any CPU
		{48758061-F7F7-4772-96AB-E2A0F4226B96}.Release|Any CPU.ActiveCfg = Release|Any CPU
		{48758061-F7F7-4772-96AB-E2A0F4226B96}.Release|Any CPU.Build.0 = Release|Any CPU
		{142C7A26-2FB1-446C-841D-089FC33A0D36}.Debug|Any CPU.ActiveCfg = Debug|Any CPU
		{142C7A26-2FB1-446C-841D-089FC33A0D36}.Debug|Any CPU.Build.0 = Debug|Any CPU
		{142C7A26-2FB1-446C-841D-089FC33A0D36}.Release|Any CPU.ActiveCfg = Release|Any CPU
		{142C7A26-2FB1-446C-841D-089FC33A0D36}.Release|Any CPU.Build.0 = Release|Any CPU
		{F2BA18C7-DD8A-450F-9A19-C25ABEA3A076}.Debug|Any CPU.ActiveCfg = Debug|Any CPU
		{F2BA18C7-DD8A-450F-9A19-C25ABEA3A076}.Debug|Any CPU.Build.0 = Debug|Any CPU
		{F2BA18C7-DD8A-450F-9A19-C25ABEA3A076}.Release|Any CPU.ActiveCfg = Release|Any CPU
		{F2BA18C7-DD8A-450F-9A19-C25ABEA3A076}.Release|Any CPU.Build.0 = Release|Any CPU
	EndGlobalSection
	GlobalSection(SolutionProperties) = preSolution
		HideSolutionNode = FALSE
	EndGlobalSection
	GlobalSection(ExtensibilityGlobals) = postSolution
		SolutionGuid = {0FE3FAD9-0E12-45FD-98F6-89B9C7622987}
	EndGlobalSection
EndGlobal
